// !$*UTF8*$!
{
	archiveVersion = 1;
	classes = {
	};
	objectVersion = 56;
	objects = {

/* Begin PBXBuildFile section */
		EE82C1092C64421700682CB2 /* iperf in Resources */ = {isa = PBXBuildFile; fileRef = EE82C1082C64421700682CB2 /* iperf */; };
		EE82C10D2C64438400682CB2 /* SystemPackage in Frameworks */ = {isa = PBXBuildFile; productRef = EE82C10C2C64438400682CB2 /* SystemPackage */; };
		EED8D5482C62F54800C2DB54 /* iperf3_appApp.swift in Sources */ = {isa = PBXBuildFile; fileRef = EED8D5472C62F54800C2DB54 /* iperf3_appApp.swift */; };
		EED8D54A2C62F54800C2DB54 /* ContentView.swift in Sources */ = {isa = PBXBuildFile; fileRef = EED8D5492C62F54800C2DB54 /* ContentView.swift */; };
		EED8D54C2C62F54C00C2DB54 /* Assets.xcassets in Resources */ = {isa = PBXBuildFile; fileRef = EED8D54B2C62F54C00C2DB54 /* Assets.xcassets */; };
		EED8D54F2C62F54C00C2DB54 /* Preview Assets.xcassets in Resources */ = {isa = PBXBuildFile; fileRef = EED8D54E2C62F54C00C2DB54 /* Preview Assets.xcassets */; };
		EED8D5562C62F7B300C2DB54 /* MainView.swift in Sources */ = {isa = PBXBuildFile; fileRef = EED8D5552C62F7B300C2DB54 /* MainView.swift */; };
/* End PBXBuildFile section */

/* Begin PBXFileReference section */
		EE82C1082C64421700682CB2 /* iperf */ = {isa = PBXFileReference; lastKnownFileType = folder; path = iperf; sourceTree = "<group>"; };
		EE82C10E2C64440200682CB2 /* Package.swift */ = {isa = PBXFileReference; lastKnownFileType = sourcecode.swift; path = Package.swift; sourceTree = "<group>"; };
		EED8D5442C62F54800C2DB54 /* iperf3-app.app */ = {isa = PBXFileReference; explicitFileType = wrapper.application; includeInIndex = 0; path = "iperf3-app.app"; sourceTree = BUILT_PRODUCTS_DIR; };
		EED8D5472C62F54800C2DB54 /* iperf3_appApp.swift */ = {isa = PBXFileReference; lastKnownFileType = sourcecode.swift; path = iperf3_appApp.swift; sourceTree = "<group>"; };
		EED8D5492C62F54800C2DB54 /* ContentView.swift */ = {isa = PBXFileReference; lastKnownFileType = sourcecode.swift; path = ContentView.swift; sourceTree = "<group>"; };
		EED8D54B2C62F54C00C2DB54 /* Assets.xcassets */ = {isa = PBXFileReference; lastKnownFileType = folder.assetcatalog; path = Assets.xcassets; sourceTree = "<group>"; };
		EED8D54E2C62F54C00C2DB54 /* Preview Assets.xcassets */ = {isa = PBXFileReference; lastKnownFileType = folder.assetcatalog; path = "Preview Assets.xcassets"; sourceTree = "<group>"; };
		EED8D5552C62F7B300C2DB54 /* MainView.swift */ = {isa = PBXFileReference; lastKnownFileType = sourcecode.swift; path = MainView.swift; sourceTree = "<group>"; };
/* End PBXFileReference section */

/* Begin PBXFrameworksBuildPhase section */
		EED8D5412C62F54800C2DB54 /* Frameworks */ = {
			isa = PBXFrameworksBuildPhase;
			buildActionMask = 2147483647;
			files = (
				EE82C10D2C64438400682CB2 /* SystemPackage in Frameworks */,
			);
			runOnlyForDeploymentPostprocessing = 0;
		};
/* End PBXFrameworksBuildPhase section */

/* Begin PBXGroup section */
		EE82C0862C643E5400682CB2 /* Sources */ = {
			isa = PBXGroup;
			children = (
				EE82C10A2C6442D200682CB2 /* iperfSwift */,
				EE82C0872C643E6800682CB2 /* Ciperf */,
			);
			path = Sources;
			sourceTree = "<group>";
		};
		EE82C0872C643E6800682CB2 /* Ciperf */ = {
			isa = PBXGroup;
			children = (
				EE82C1082C64421700682CB2 /* iperf */,
			);
			path = Ciperf;
			sourceTree = "<group>";
		};
		EE82C10A2C6442D200682CB2 /* iperfSwift */ = {
			isa = PBXGroup;
			children = (
			);
			path = iperfSwift;
			sourceTree = "<group>";
		};
		EED8D53B2C62F54800C2DB54 = {
			isa = PBXGroup;
			children = (
				EED8D5462C62F54800C2DB54 /* iperf3-app */,
				EED8D5452C62F54800C2DB54 /* Products */,
			);
			sourceTree = "<group>";
		};
		EED8D5452C62F54800C2DB54 /* Products */ = {
			isa = PBXGroup;
			children = (
				EED8D5442C62F54800C2DB54 /* iperf3-app.app */,
			);
			name = Products;
			sourceTree = "<group>";
		};
		EED8D5462C62F54800C2DB54 /* iperf3-app */ = {
			isa = PBXGroup;
			children = (
				EE82C0862C643E5400682CB2 /* Sources */,
				EED8D5472C62F54800C2DB54 /* iperf3_appApp.swift */,
				EED8D5552C62F7B300C2DB54 /* MainView.swift */,
				EED8D5492C62F54800C2DB54 /* ContentView.swift */,
				EED8D54B2C62F54C00C2DB54 /* Assets.xcassets */,
				EED8D54D2C62F54C00C2DB54 /* Preview Content */,
				EE82C10E2C64440200682CB2 /* Package.swift */,
			);
			path = "iperf3-app";
			sourceTree = "<group>";
		};
		EED8D54D2C62F54C00C2DB54 /* Preview Content */ = {
			isa = PBXGroup;
			children = (
				EED8D54E2C62F54C00C2DB54 /* Preview Assets.xcassets */,
			);
			path = "Preview Content";
			sourceTree = "<group>";
		};
/* End PBXGroup section */

/* Begin PBXNativeTarget section */
		EED8D5432C62F54800C2DB54 /* iperf3-app */ = {
			isa = PBXNativeTarget;
			buildConfigurationList = EED8D5522C62F54C00C2DB54 /* Build configuration list for PBXNativeTarget "iperf3-app" */;
			buildPhases = (
				EED8D5402C62F54800C2DB54 /* Sources */,
				EED8D5412C62F54800C2DB54 /* Frameworks */,
				EED8D5422C62F54800C2DB54 /* Resources */,
			);
			buildRules = (
			);
			dependencies = (
			);
			name = "iperf3-app";
			packageProductDependencies = (
				EE82C10C2C64438400682CB2 /* SystemPackage */,
			);
			productName = "iperf3-app";
			productReference = EED8D5442C62F54800C2DB54 /* iperf3-app.app */;
			productType = "com.apple.product-type.application";
		};
/* End PBXNativeTarget section */

/* Begin PBXProject section */
		EED8D53C2C62F54800C2DB54 /* Project object */ = {
			isa = PBXProject;
			attributes = {
				BuildIndependentTargetsInParallel = 1;
				LastSwiftUpdateCheck = 1510;
				LastUpgradeCheck = 1510;
				TargetAttributes = {
					EED8D5432C62F54800C2DB54 = {
						CreatedOnToolsVersion = 15.1;
					};
				};
			};
			buildConfigurationList = EED8D53F2C62F54800C2DB54 /* Build configuration list for PBXProject "iperf3-app" */;
			compatibilityVersion = "Xcode 14.0";
			developmentRegion = en;
			hasScannedForEncodings = 0;
			knownRegions = (
				en,
				Base,
			);
			mainGroup = EED8D53B2C62F54800C2DB54;
			packageReferences = (
				EE82C10B2C64438400682CB2 /* XCRemoteSwiftPackageReference "swift-system" */,
			);
			productRefGroup = EED8D5452C62F54800C2DB54 /* Products */;
			projectDirPath = "";
			projectRoot = "";
			targets = (
				EED8D5432C62F54800C2DB54 /* iperf3-app */,
			);
		};
/* End PBXProject section */

/* Begin PBXResourcesBuildPhase section */
		EED8D5422C62F54800C2DB54 /* Resources */ = {
			isa = PBXResourcesBuildPhase;
			buildActionMask = 2147483647;
			files = (
				EE82C1092C64421700682CB2 /* iperf in Resources */,
				EED8D54F2C62F54C00C2DB54 /* Preview Assets.xcassets in Resources */,
				EED8D54C2C62F54C00C2DB54 /* Assets.xcassets in Resources */,
			);
			runOnlyForDeploymentPostprocessing = 0;
		};
/* End PBXResourcesBuildPhase section */

/* Begin PBXSourcesBuildPhase section */
		EED8D5402C62F54800C2DB54 /* Sources */ = {
			isa = PBXSourcesBuildPhase;
			buildActionMask = 2147483647;
			files = (
				EED8D54A2C62F54800C2DB54 /* ContentView.swift in Sources */,
				EED8D5562C62F7B300C2DB54 /* MainView.swift in Sources */,
				EED8D5482C62F54800C2DB54 /* iperf3_appApp.swift in Sources */,
			);
			runOnlyForDeploymentPostprocessing = 0;
		};
/* End PBXSourcesBuildPhase section */

/* Begin XCBuildConfiguration section */
		EED8D5502C62F54C00C2DB54 /* Debug */ = {
			isa = XCBuildConfiguration;
			buildSettings = {
				ALWAYS_SEARCH_USER_PATHS = NO;
				ASSETCATALOG_COMPILER_GENERATE_SWIFT_ASSET_SYMBOL_EXTENSIONS = YES;
				CLANG_ANALYZER_NONNULL = YES;
				CLANG_ANALYZER_NUMBER_OBJECT_CONVERSION = YES_AGGRESSIVE;
				CLANG_CXX_LANGUAGE_STANDARD = "gnu++20";
				CLANG_ENABLE_MODULES = YES;
				CLANG_ENABLE_OBJC_ARC = YES;
				CLANG_ENABLE_OBJC_WEAK = YES;
				CLANG_WARN_BLOCK_CAPTURE_AUTORELEASING = YES;
				CLANG_WARN_BOOL_CONVERSION = YES;
				CLANG_WARN_COMMA = YES;
				CLANG_WARN_CONSTANT_CONVERSION = YES;
				CLANG_WARN_DEPRECATED_OBJC_IMPLEMENTATIONS = YES;
				CLANG_WARN_DIRECT_OBJC_ISA_USAGE = YES_ERROR;
				CLANG_WARN_DOCUMENTATION_COMMENTS = YES;
				CLANG_WARN_EMPTY_BODY = YES;
				CLANG_WARN_ENUM_CONVERSION = YES;
				CLANG_WARN_INFINITE_RECURSION = YES;
				CLANG_WARN_INT_CONVERSION = YES;
				CLANG_WARN_NON_LITERAL_NULL_CONVERSION = YES;
				CLANG_WARN_OBJC_IMPLICIT_RETAIN_SELF = YES;
				CLANG_WARN_OBJC_LITERAL_CONVERSION = YES;
				CLANG_WARN_OBJC_ROOT_CLASS = YES_ERROR;
				CLANG_WARN_QUOTED_INCLUDE_IN_FRAMEWORK_HEADER = YES;
				CLANG_WARN_RANGE_LOOP_ANALYSIS = YES;
				CLANG_WARN_STRICT_PROTOTYPES = YES;
				CLANG_WARN_SUSPICIOUS_MOVE = YES;
				CLANG_WARN_UNGUARDED_AVAILABILITY = YES_AGGRESSIVE;
				CLANG_WARN_UNREACHABLE_CODE = YES;
				CLANG_WARN__DUPLICATE_METHOD_MATCH = YES;
				COPY_PHASE_STRIP = NO;
				DEBUG_INFORMATION_FORMAT = dwarf;
				ENABLE_STRICT_OBJC_MSGSEND = YES;
				ENABLE_TESTABILITY = YES;
				ENABLE_USER_SCRIPT_SANDBOXING = YES;
				GCC_C_LANGUAGE_STANDARD = gnu17;
				GCC_DYNAMIC_NO_PIC = NO;
				GCC_NO_COMMON_BLOCKS = YES;
				GCC_OPTIMIZATION_LEVEL = 0;
				GCC_PREPROCESSOR_DEFINITIONS = (
					"DEBUG=1",
					"$(inherited)",
				);
				GCC_WARN_64_TO_32_BIT_CONVERSION = YES;
				GCC_WARN_ABOUT_RETURN_TYPE = YES_ERROR;
				GCC_WARN_UNDECLARED_SELECTOR = YES;
				GCC_WARN_UNINITIALIZED_AUTOS = YES_AGGRESSIVE;
				GCC_WARN_UNUSED_FUNCTION = YES;
				GCC_WARN_UNUSED_VARIABLE = YES;
				IPHONEOS_DEPLOYMENT_TARGET = 17.2;
				LOCALIZATION_PREFERS_STRING_CATALOGS = YES;
				MTL_ENABLE_DEBUG_INFO = INCLUDE_SOURCE;
				MTL_FAST_MATH = YES;
				ONLY_ACTIVE_ARCH = YES;
				SDKROOT = iphoneos;
				SWIFT_ACTIVE_COMPILATION_CONDITIONS = "DEBUG $(inherited)";
				SWIFT_OPTIMIZATION_LEVEL = "-Onone";
			};
			name = Debug;
		};
		EED8D5512C62F54C00C2DB54 /* Release */ = {
			isa = XCBuildConfiguration;
			buildSettings = {
				ALWAYS_SEARCH_USER_PATHS = NO;
				ASSETCATALOG_COMPILER_GENERATE_SWIFT_ASSET_SYMBOL_EXTENSIONS = YES;
				CLANG_ANALYZER_NONNULL = YES;
				CLANG_ANALYZER_NUMBER_OBJECT_CONVERSION = YES_AGGRESSIVE;
				CLANG_CXX_LANGUAGE_STANDARD = "gnu++20";
				CLANG_ENABLE_MODULES = YES;
				CLANG_ENABLE_OBJC_ARC = YES;
				CLANG_ENABLE_OBJC_WEAK = YES;
				CLANG_WARN_BLOCK_CAPTURE_AUTORELEASING = YES;
				CLANG_WARN_BOOL_CONVERSION = YES;
				CLANG_WARN_COMMA = YES;
				CLANG_WARN_CONSTANT_CONVERSION = YES;
				CLANG_WARN_DEPRECATED_OBJC_IMPLEMENTATIONS = YES;
				CLANG_WARN_DIRECT_OBJC_ISA_USAGE = YES_ERROR;
				CLANG_WARN_DOCUMENTATION_COMMENTS = YES;
				CLANG_WARN_EMPTY_BODY = YES;
				CLANG_WARN_ENUM_CONVERSION = YES;
				CLANG_WARN_INFINITE_RECURSION = YES;
				CLANG_WARN_INT_CONVERSION = YES;
				CLANG_WARN_NON_LITERAL_NULL_CONVERSION = YES;
				CLANG_WARN_OBJC_IMPLICIT_RETAIN_SELF = YES;
				CLANG_WARN_OBJC_LITERAL_CONVERSION = YES;
				CLANG_WARN_OBJC_ROOT_CLASS = YES_ERROR;
				CLANG_WARN_QUOTED_INCLUDE_IN_FRAMEWORK_HEADER = YES;
				CLANG_WARN_RANGE_LOOP_ANALYSIS = YES;
				CLANG_WARN_STRICT_PROTOTYPES = YES;
				CLANG_WARN_SUSPICIOUS_MOVE = YES;
				CLANG_WARN_UNGUARDED_AVAILABILITY = YES_AGGRESSIVE;
				CLANG_WARN_UNREACHABLE_CODE = YES;
				CLANG_WARN__DUPLICATE_METHOD_MATCH = YES;
				COPY_PHASE_STRIP = NO;
				DEBUG_INFORMATION_FORMAT = "dwarf-with-dsym";
				ENABLE_NS_ASSERTIONS = NO;
				ENABLE_STRICT_OBJC_MSGSEND = YES;
				ENABLE_USER_SCRIPT_SANDBOXING = YES;
				GCC_C_LANGUAGE_STANDARD = gnu17;
				GCC_NO_COMMON_BLOCKS = YES;
				GCC_WARN_64_TO_32_BIT_CONVERSION = YES;
				GCC_WARN_ABOUT_RETURN_TYPE = YES_ERROR;
				GCC_WARN_UNDECLARED_SELECTOR = YES;
				GCC_WARN_UNINITIALIZED_AUTOS = YES_AGGRESSIVE;
				GCC_WARN_UNUSED_FUNCTION = YES;
				GCC_WARN_UNUSED_VARIABLE = YES;
				IPHONEOS_DEPLOYMENT_TARGET = 17.2;
				LOCALIZATION_PREFERS_STRING_CATALOGS = YES;
				MTL_ENABLE_DEBUG_INFO = NO;
				MTL_FAST_MATH = YES;
				SDKROOT = iphoneos;
				SWIFT_COMPILATION_MODE = wholemodule;
				VALIDATE_PRODUCT = YES;
			};
			name = Release;
		};
		EED8D5532C62F54C00C2DB54 /* Debug */ = {
			isa = XCBuildConfiguration;
			buildSettings = {
				ASSETCATALOG_COMPILER_APPICON_NAME = AppIcon;
				ASSETCATALOG_COMPILER_GLOBAL_ACCENT_COLOR_NAME = AccentColor;
				CODE_SIGN_STYLE = Automatic;
				CURRENT_PROJECT_VERSION = 1;
				DEVELOPMENT_ASSET_PATHS = "\"iperf3-app/Preview Content\"";
				DEVELOPMENT_TEAM = 2X8V4NGF5X;
				ENABLE_PREVIEWS = YES;
				GENERATE_INFOPLIST_FILE = YES;
				INFOPLIST_KEY_UIApplicationSceneManifest_Generation = YES;
				INFOPLIST_KEY_UIApplicationSupportsIndirectInputEvents = YES;
				INFOPLIST_KEY_UILaunchScreen_Generation = YES;
				INFOPLIST_KEY_UISupportedInterfaceOrientations_iPad = "UIInterfaceOrientationPortrait UIInterfaceOrientationPortraitUpsideDown UIInterfaceOrientationLandscapeLeft UIInterfaceOrientationLandscapeRight";
				INFOPLIST_KEY_UISupportedInterfaceOrientations_iPhone = "UIInterfaceOrientationPortrait UIInterfaceOrientationLandscapeLeft UIInterfaceOrientationLandscapeRight";
				LD_RUNPATH_SEARCH_PATHS = (
					"$(inherited)",
					"@executable_path/Frameworks",
				);
				MARKETING_VERSION = 1.0;
				PRODUCT_BUNDLE_IDENTIFIER = "edu.duke.jtp40.iperf3-app";
				PRODUCT_NAME = "$(TARGET_NAME)";
				SWIFT_EMIT_LOC_STRINGS = YES;
				SWIFT_VERSION = 5.0;
				TARGETED_DEVICE_FAMILY = "1,2";
			};
			name = Debug;
		};
		EED8D5542C62F54C00C2DB54 /* Release */ = {
			isa = XCBuildConfiguration;
			buildSettings = {
				ASSETCATALOG_COMPILER_APPICON_NAME = AppIcon;
				ASSETCATALOG_COMPILER_GLOBAL_ACCENT_COLOR_NAME = AccentColor;
				CODE_SIGN_STYLE = Automatic;
				CURRENT_PROJECT_VERSION = 1;
				DEVELOPMENT_ASSET_PATHS = "\"iperf3-app/Preview Content\"";
				DEVELOPMENT_TEAM = 2X8V4NGF5X;
				ENABLE_PREVIEWS = YES;
				GENERATE_INFOPLIST_FILE = YES;
				INFOPLIST_KEY_UIApplicationSceneManifest_Generation = YES;
				INFOPLIST_KEY_UIApplicationSupportsIndirectInputEvents = YES;
				INFOPLIST_KEY_UILaunchScreen_Generation = YES;
				INFOPLIST_KEY_UISupportedInterfaceOrientations_iPad = "UIInterfaceOrientationPortrait UIInterfaceOrientationPortraitUpsideDown UIInterfaceOrientationLandscapeLeft UIInterfaceOrientationLandscapeRight";
				INFOPLIST_KEY_UISupportedInterfaceOrientations_iPhone = "UIInterfaceOrientationPortrait UIInterfaceOrientationLandscapeLeft UIInterfaceOrientationLandscapeRight";
				LD_RUNPATH_SEARCH_PATHS = (
					"$(inherited)",
					"@executable_path/Frameworks",
				);
				MARKETING_VERSION = 1.0;
				PRODUCT_BUNDLE_IDENTIFIER = "edu.duke.jtp40.iperf3-app";
				PRODUCT_NAME = "$(TARGET_NAME)";
				SWIFT_EMIT_LOC_STRINGS = YES;
				SWIFT_VERSION = 5.0;
				TARGETED_DEVICE_FAMILY = "1,2";
			};
			name = Release;
		};
/* End XCBuildConfiguration section */

/* Begin XCConfigurationList section */
		EED8D53F2C62F54800C2DB54 /* Build configuration list for PBXProject "iperf3-app" */ = {
			isa = XCConfigurationList;
			buildConfigurations = (
				EED8D5502C62F54C00C2DB54 /* Debug */,
				EED8D5512C62F54C00C2DB54 /* Release */,
			);
			defaultConfigurationIsVisible = 0;
			defaultConfigurationName = Release;
		};
		EED8D5522C62F54C00C2DB54 /* Build configuration list for PBXNativeTarget "iperf3-app" */ = {
			isa = XCConfigurationList;
			buildConfigurations = (
				EED8D5532C62F54C00C2DB54 /* Debug */,
				EED8D5542C62F54C00C2DB54 /* Release */,
			);
			defaultConfigurationIsVisible = 0;
			defaultConfigurationName = Release;
		};
/* End XCConfigurationList section */

/* Begin XCRemoteSwiftPackageReference section */
		EE82C10B2C64438400682CB2 /* XCRemoteSwiftPackageReference "swift-system" */ = {
			isa = XCRemoteSwiftPackageReference;
			repositoryURL = "https://github.com/apple/swift-system.git";
			requirement = {
				kind = upToNextMajorVersion;
				minimumVersion = 1.3.2;
			};
		};
/* End XCRemoteSwiftPackageReference section */

/* Begin XCSwiftPackageProductDependency section */
		EE82C10C2C64438400682CB2 /* SystemPackage */ = {
			isa = XCSwiftPackageProductDependency;
			package = EE82C10B2C64438400682CB2 /* XCRemoteSwiftPackageReference "swift-system" */;
			productName = SystemPackage;
		};
/* End XCSwiftPackageProductDependency section */
	};
	rootObject = EED8D53C2C62F54800C2DB54 /* Project object */;
}
